
Microsoft Visual Studio Solution File, Format Version 12.00
# Visual Studio 15
VisualStudioVersion = 15.0.28307.329
MinimumVisualStudioVersion = 10.0.40219.1
Project("{8BC9CEB8-8B4A-11D0-8D11-00A0C91BC942}") = "analyzingarrayass3", "analyzingarrayass3\analyzingarrayass3.vcxproj", "{8A7C4316-DC6B-4676-8009-8F6E5D2EF662}"
EndProject
Global
	GlobalSection(SolutionConfigurationPlatforms) = preSolution
		Debug|x64 = Debug|x64
		Debug|x86 = Debug|x86
		Release|x64 = Release|x64
		Release|x86 = Release|x86
	EndGlobalSection
	GlobalSection(ProjectConfigurationPlatforms) = postSolution
		{8A7C4316-DC6B-4676-8009-8F6E5D2EF662}.Debug|x64.ActiveCfg = Debug|x64
		{8A7C4316-DC6B-4676-8009-8F6E5D2EF662}.Debug|x64.Build.0 = Debug|x64
		{8A7C4316-DC6B-4676-8009-8F6E5D2EF662}.Debug|x86.ActiveCfg = Debug|Win32
		{8A7C4316-DC6B-4676-8009-8F6E5D2EF662}.Debug|x86.Build.0 = Debug|Win32
		{8A7C4316-DC6B-4676-8009-8F6E5D2EF662}.Release|x64.ActiveCfg = Release|x64
		{8A7C4316-DC6B-4676-8009-8F6E5D2EF662}.Release|x64.Build.0 = Release|x64
		{8A7C4316-DC6B-4676-8009-8F6E5D2EF662}.Release|x86.ActiveCfg = Release|Win32
		{8A7C4316-DC6B-4676-8009-8F6E5D2EF662}.Release|x86.Build.0 = Release|Win32
	EndGlobalSection
	GlobalSection(SolutionProperties) = preSolution
		HideSolutionNode = FALSE
	EndGlobalSection
	GlobalSection(ExtensibilityGlobals) = postSolution
		SolutionGuid = {0138AC58-37F9-48C7-9F95-38D216D4CD33}
	EndGlobalSection
EndGlobal
