
Microsoft Visual Studio Solution File, Format Version 12.00
# Visual Studio 15
VisualStudioVersion = 15.0.28307.329
MinimumVisualStudioVersion = 10.0.40219.1
Project("{8BC9CEB8-8B4A-11D0-8D11-00A0C91BC942}") = "c++_ass1_q7", "c++_ass1_q7\c++_ass1_q7.vcxproj", "{87F04357-27B4-474E-B056-712E54C18548}"
EndProject
Global
	GlobalSection(SolutionConfigurationPlatforms) = preSolution
		Debug|x64 = Debug|x64
		Debug|x86 = Debug|x86
		Release|x64 = Release|x64
		Release|x86 = Release|x86
	EndGlobalSection
	GlobalSection(ProjectConfigurationPlatforms) = postSolution
		{87F04357-27B4-474E-B056-712E54C18548}.Debug|x64.ActiveCfg = Debug|x64
		{87F04357-27B4-474E-B056-712E54C18548}.Debug|x64.Build.0 = Debug|x64
		{87F04357-27B4-474E-B056-712E54C18548}.Debug|x86.ActiveCfg = Debug|Win32
		{87F04357-27B4-474E-B056-712E54C18548}.Debug|x86.Build.0 = Debug|Win32
		{87F04357-27B4-474E-B056-712E54C18548}.Release|x64.ActiveCfg = Release|x64
		{87F04357-27B4-474E-B056-712E54C18548}.Release|x64.Build.0 = Release|x64
		{87F04357-27B4-474E-B056-712E54C18548}.Release|x86.ActiveCfg = Release|Win32
		{87F04357-27B4-474E-B056-712E54C18548}.Release|x86.Build.0 = Release|Win32
	EndGlobalSection
	GlobalSection(SolutionProperties) = preSolution
		HideSolutionNode = FALSE
	EndGlobalSection
	GlobalSection(ExtensibilityGlobals) = postSolution
		SolutionGuid = {CC17055D-5B64-4059-92ED-7AC23A025C3D}
	EndGlobalSection
EndGlobal
