
Microsoft Visual Studio Solution File, Format Version 12.00
# Visual Studio 15
VisualStudioVersion = 15.0.28307.329
MinimumVisualStudioVersion = 10.0.40219.1
Project("{8BC9CEB8-8B4A-11D0-8D11-00A0C91BC942}") = "c++_ass2_q4", "c++_ass2_q4\c++_ass2_q4.vcxproj", "{5F300213-D168-4E39-AF05-AEFE1CF36F09}"
EndProject
Global
	GlobalSection(SolutionConfigurationPlatforms) = preSolution
		Debug|x64 = Debug|x64
		Debug|x86 = Debug|x86
		Release|x64 = Release|x64
		Release|x86 = Release|x86
	EndGlobalSection
	GlobalSection(ProjectConfigurationPlatforms) = postSolution
		{5F300213-D168-4E39-AF05-AEFE1CF36F09}.Debug|x64.ActiveCfg = Debug|x64
		{5F300213-D168-4E39-AF05-AEFE1CF36F09}.Debug|x64.Build.0 = Debug|x64
		{5F300213-D168-4E39-AF05-AEFE1CF36F09}.Debug|x86.ActiveCfg = Debug|Win32
		{5F300213-D168-4E39-AF05-AEFE1CF36F09}.Debug|x86.Build.0 = Debug|Win32
		{5F300213-D168-4E39-AF05-AEFE1CF36F09}.Release|x64.ActiveCfg = Release|x64
		{5F300213-D168-4E39-AF05-AEFE1CF36F09}.Release|x64.Build.0 = Release|x64
		{5F300213-D168-4E39-AF05-AEFE1CF36F09}.Release|x86.ActiveCfg = Release|Win32
		{5F300213-D168-4E39-AF05-AEFE1CF36F09}.Release|x86.Build.0 = Release|Win32
	EndGlobalSection
	GlobalSection(SolutionProperties) = preSolution
		HideSolutionNode = FALSE
	EndGlobalSection
	GlobalSection(ExtensibilityGlobals) = postSolution
		SolutionGuid = {06E1F3F6-F8AB-421C-81BA-8E53023F2397}
	EndGlobalSection
EndGlobal
