
Microsoft Visual Studio Solution File, Format Version 12.00
# Visual Studio 15
VisualStudioVersion = 15.0.28307.329
MinimumVisualStudioVersion = 10.0.40219.1
Project("{8BC9CEB8-8B4A-11D0-8D11-00A0C91BC942}") = "test1", "windows_test\windows_test.vcxproj", "{C99445D8-B6D9-4812-B54C-42BD08C204E8}"
EndProject
Project("{8BC9CEB8-8B4A-11D0-8D11-00A0C91BC942}") = "test2", "test2\test2.vcxproj", "{DF2D53E0-6363-418F-8107-6AD8723B03DF}"
EndProject
Project("{8BC9CEB8-8B4A-11D0-8D11-00A0C91BC942}") = "test3", "test3\test3.vcxproj", "{AF752726-992C-4FC7-8184-2022F562A971}"
EndProject
Project("{8BC9CEB8-8B4A-11D0-8D11-00A0C91BC942}") = "test4_create_and_read_file", "test4_create\test4_create.vcxproj", "{F2D16CF4-804A-4830-B110-F1664670C520}"
EndProject
Project("{8BC9CEB8-8B4A-11D0-8D11-00A0C91BC942}") = "test5_write_file", "write_file_test5\write_file_test5.vcxproj", "{3C676432-8459-4387-A006-866660ACF6B6}"
EndProject
Project("{8BC9CEB8-8B4A-11D0-8D11-00A0C91BC942}") = "test6_create_event", "test6_create_event\test6_create_event.vcxproj", "{54504C5A-AA2E-4945-AEDF-29FAC1D4911B}"
EndProject
Project("{8BC9CEB8-8B4A-11D0-8D11-00A0C91BC942}") = "test7_endOfFile", "test7_create_process\test7_create_process.vcxproj", "{C7733E59-659B-4D11-9EFC-9A919BDDF424}"
EndProject
Project("{8BC9CEB8-8B4A-11D0-8D11-00A0C91BC942}") = "test8_process", "test8_process\test8_process.vcxproj", "{937997B6-7E1D-4CA7-ABA5-5A1C7EECDE7A}"
EndProject
Project("{8BC9CEB8-8B4A-11D0-8D11-00A0C91BC942}") = "test9_process_functions", "test9_process_functions\test9_process_functions.vcxproj", "{F402D3E0-D888-4417-B8AD-70632728486C}"
EndProject
Project("{8BC9CEB8-8B4A-11D0-8D11-00A0C91BC942}") = "test10_inherit_process", "test10_inherit_process\test10_inherit_process.vcxproj", "{A81222D0-AF7A-4B59-9103-9FF254D16DA2}"
EndProject
Project("{8BC9CEB8-8B4A-11D0-8D11-00A0C91BC942}") = "test14_exitThread", "test14_terminateThread\test14_terminateThread.vcxproj", "{0B863978-4DED-4F7C-86EE-51FFA5B3C18B}"
EndProject
Project("{8BC9CEB8-8B4A-11D0-8D11-00A0C91BC942}") = "test12_threads", "test12_threads\test12_threads.vcxproj", "{60AB912F-D0E1-4B4D-BCD6-E86CE9BE0B4E}"
EndProject
Project("{8BC9CEB8-8B4A-11D0-8D11-00A0C91BC942}") = "test13_thread_in_suspend", "test13_thread_in_suspend\test13_thread_in_suspend.vcxproj", "{A4299ABE-15FD-49B9-9CE9-0A589A207132}"
EndProject
Project("{8BC9CEB8-8B4A-11D0-8D11-00A0C91BC942}") = "test15_terminate_thread", "test15_terminate_thread\test15_terminate_thread.vcxproj", "{A62DBAEF-8A47-4913-8CE5-CA31FB490875}"
EndProject
Project("{8BC9CEB8-8B4A-11D0-8D11-00A0C91BC942}") = "test17_two_threads", "test16_process_thread\test16_process_thread.vcxproj", "{2D533AE8-2254-40EC-A2FF-F1065F0C4EE3}"
EndProject
Project("{8BC9CEB8-8B4A-11D0-8D11-00A0C91BC942}") = "teat16_prority_process", "teat16_prority_process\teat16_prority_process.vcxproj", "{E1C4E6AB-E5CC-4AD7-B1E4-F9A9B5238BDF}"
EndProject
Project("{8BC9CEB8-8B4A-11D0-8D11-00A0C91BC942}") = "test18_interlock", "test18_interlock\test18_interlock.vcxproj", "{75262209-FDDC-4BC8-AE4E-9255E4ED1F3D}"
EndProject
Project("{8BC9CEB8-8B4A-11D0-8D11-00A0C91BC942}") = "test19_critical_section", "test19_critical_section\test19_critical_section.vcxproj", "{F30AFB7C-2889-4633-8E56-EE21C5F9BF04}"
EndProject
Project("{8BC9CEB8-8B4A-11D0-8D11-00A0C91BC942}") = "test20_slim_reader_writer", "test20_slim_reader_writer\test20_slim_reader_writer.vcxproj", "{C88FB72C-CC1A-47B2-9138-D405B6EEF9AF}"
EndProject
Project("{8BC9CEB8-8B4A-11D0-8D11-00A0C91BC942}") = "dll", "dll\dll.vcxproj", "{F0A51F96-A8C2-4058-A949-7CD41F518A38}"
EndProject
Project("{8BC9CEB8-8B4A-11D0-8D11-00A0C91BC942}") = "demo1_import", "demo1_import\demo1_import.vcxproj", "{7F7CF1B4-9E79-4459-9F0A-CC582BFB5B96}"
EndProject
Project("{8BC9CEB8-8B4A-11D0-8D11-00A0C91BC942}") = "q22_dll_explict", "q22_dll_explict\q22_dll_explict.vcxproj", "{FE238293-0E59-4BD8-81D6-330232C33BD7}"
EndProject
Project("{8BC9CEB8-8B4A-11D0-8D11-00A0C91BC942}") = "test23_staticlibrary", "test23_staticlibrary\test23_staticlibrary.vcxproj", "{634A97AF-6B12-4A32-9D6C-0A28E2C4386D}"
EndProject
Project("{8BC9CEB8-8B4A-11D0-8D11-00A0C91BC942}") = "test23_static_library2", "test23_stratic_library2\test23_stratic_library2.vcxproj", "{4DB67ADB-E938-45BC-89FA-2704FFCF5851}"
EndProject
Project("{8BC9CEB8-8B4A-11D0-8D11-00A0C91BC942}") = "test24_waitforsingleobject", "test24_waitforsingleobject\test24_waitforsingleobject.vcxproj", "{C710A6AD-51E3-45E1-81BD-E31A8B4BC6A6}"
EndProject
Global
	GlobalSection(SolutionConfigurationPlatforms) = preSolution
		Debug|x64 = Debug|x64
		Debug|x86 = Debug|x86
		Release|x64 = Release|x64
		Release|x86 = Release|x86
	EndGlobalSection
	GlobalSection(ProjectConfigurationPlatforms) = postSolution
		{C99445D8-B6D9-4812-B54C-42BD08C204E8}.Debug|x64.ActiveCfg = Debug|x64
		{C99445D8-B6D9-4812-B54C-42BD08C204E8}.Debug|x64.Build.0 = Debug|x64
		{C99445D8-B6D9-4812-B54C-42BD08C204E8}.Debug|x86.ActiveCfg = Debug|Win32
		{C99445D8-B6D9-4812-B54C-42BD08C204E8}.Debug|x86.Build.0 = Debug|Win32
		{C99445D8-B6D9-4812-B54C-42BD08C204E8}.Release|x64.ActiveCfg = Release|x64
		{C99445D8-B6D9-4812-B54C-42BD08C204E8}.Release|x64.Build.0 = Release|x64
		{C99445D8-B6D9-4812-B54C-42BD08C204E8}.Release|x86.ActiveCfg = Release|Win32
		{C99445D8-B6D9-4812-B54C-42BD08C204E8}.Release|x86.Build.0 = Release|Win32
		{DF2D53E0-6363-418F-8107-6AD8723B03DF}.Debug|x64.ActiveCfg = Debug|x64
		{DF2D53E0-6363-418F-8107-6AD8723B03DF}.Debug|x64.Build.0 = Debug|x64
		{DF2D53E0-6363-418F-8107-6AD8723B03DF}.Debug|x86.ActiveCfg = Debug|Win32
		{DF2D53E0-6363-418F-8107-6AD8723B03DF}.Debug|x86.Build.0 = Debug|Win32
		{DF2D53E0-6363-418F-8107-6AD8723B03DF}.Release|x64.ActiveCfg = Release|x64
		{DF2D53E0-6363-418F-8107-6AD8723B03DF}.Release|x64.Build.0 = Release|x64
		{DF2D53E0-6363-418F-8107-6AD8723B03DF}.Release|x86.ActiveCfg = Release|Win32
		{DF2D53E0-6363-418F-8107-6AD8723B03DF}.Release|x86.Build.0 = Release|Win32
		{AF752726-992C-4FC7-8184-2022F562A971}.Debug|x64.ActiveCfg = Debug|x64
		{AF752726-992C-4FC7-8184-2022F562A971}.Debug|x64.Build.0 = Debug|x64
		{AF752726-992C-4FC7-8184-2022F562A971}.Debug|x86.ActiveCfg = Debug|Win32
		{AF752726-992C-4FC7-8184-2022F562A971}.Debug|x86.Build.0 = Debug|Win32
		{AF752726-992C-4FC7-8184-2022F562A971}.Release|x64.ActiveCfg = Release|x64
		{AF752726-992C-4FC7-8184-2022F562A971}.Release|x64.Build.0 = Release|x64
		{AF752726-992C-4FC7-8184-2022F562A971}.Release|x86.ActiveCfg = Release|Win32
		{AF752726-992C-4FC7-8184-2022F562A971}.Release|x86.Build.0 = Release|Win32
		{F2D16CF4-804A-4830-B110-F1664670C520}.Debug|x64.ActiveCfg = Debug|x64
		{F2D16CF4-804A-4830-B110-F1664670C520}.Debug|x64.Build.0 = Debug|x64
		{F2D16CF4-804A-4830-B110-F1664670C520}.Debug|x86.ActiveCfg = Debug|Win32
		{F2D16CF4-804A-4830-B110-F1664670C520}.Debug|x86.Build.0 = Debug|Win32
		{F2D16CF4-804A-4830-B110-F1664670C520}.Release|x64.ActiveCfg = Release|x64
		{F2D16CF4-804A-4830-B110-F1664670C520}.Release|x64.Build.0 = Release|x64
		{F2D16CF4-804A-4830-B110-F1664670C520}.Release|x86.ActiveCfg = Release|Win32
		{F2D16CF4-804A-4830-B110-F1664670C520}.Release|x86.Build.0 = Release|Win32
		{3C676432-8459-4387-A006-866660ACF6B6}.Debug|x64.ActiveCfg = Debug|x64
		{3C676432-8459-4387-A006-866660ACF6B6}.Debug|x64.Build.0 = Debug|x64
		{3C676432-8459-4387-A006-866660ACF6B6}.Debug|x86.ActiveCfg = Debug|Win32
		{3C676432-8459-4387-A006-866660ACF6B6}.Debug|x86.Build.0 = Debug|Win32
		{3C676432-8459-4387-A006-866660ACF6B6}.Release|x64.ActiveCfg = Release|x64
		{3C676432-8459-4387-A006-866660ACF6B6}.Release|x64.Build.0 = Release|x64
		{3C676432-8459-4387-A006-866660ACF6B6}.Release|x86.ActiveCfg = Release|Win32
		{3C676432-8459-4387-A006-866660ACF6B6}.Release|x86.Build.0 = Release|Win32
		{54504C5A-AA2E-4945-AEDF-29FAC1D4911B}.Debug|x64.ActiveCfg = Debug|x64
		{54504C5A-AA2E-4945-AEDF-29FAC1D4911B}.Debug|x64.Build.0 = Debug|x64
		{54504C5A-AA2E-4945-AEDF-29FAC1D4911B}.Debug|x86.ActiveCfg = Debug|Win32
		{54504C5A-AA2E-4945-AEDF-29FAC1D4911B}.Debug|x86.Build.0 = Debug|Win32
		{54504C5A-AA2E-4945-AEDF-29FAC1D4911B}.Release|x64.ActiveCfg = Release|x64
		{54504C5A-AA2E-4945-AEDF-29FAC1D4911B}.Release|x64.Build.0 = Release|x64
		{54504C5A-AA2E-4945-AEDF-29FAC1D4911B}.Release|x86.ActiveCfg = Release|Win32
		{54504C5A-AA2E-4945-AEDF-29FAC1D4911B}.Release|x86.Build.0 = Release|Win32
		{C7733E59-659B-4D11-9EFC-9A919BDDF424}.Debug|x64.ActiveCfg = Debug|x64
		{C7733E59-659B-4D11-9EFC-9A919BDDF424}.Debug|x64.Build.0 = Debug|x64
		{C7733E59-659B-4D11-9EFC-9A919BDDF424}.Debug|x86.ActiveCfg = Debug|Win32
		{C7733E59-659B-4D11-9EFC-9A919BDDF424}.Debug|x86.Build.0 = Debug|Win32
		{C7733E59-659B-4D11-9EFC-9A919BDDF424}.Release|x64.ActiveCfg = Release|x64
		{C7733E59-659B-4D11-9EFC-9A919BDDF424}.Release|x64.Build.0 = Release|x64
		{C7733E59-659B-4D11-9EFC-9A919BDDF424}.Release|x86.ActiveCfg = Release|Win32
		{C7733E59-659B-4D11-9EFC-9A919BDDF424}.Release|x86.Build.0 = Release|Win32
		{937997B6-7E1D-4CA7-ABA5-5A1C7EECDE7A}.Debug|x64.ActiveCfg = Debug|x64
		{937997B6-7E1D-4CA7-ABA5-5A1C7EECDE7A}.Debug|x64.Build.0 = Debug|x64
		{937997B6-7E1D-4CA7-ABA5-5A1C7EECDE7A}.Debug|x86.ActiveCfg = Debug|Win32
		{937997B6-7E1D-4CA7-ABA5-5A1C7EECDE7A}.Debug|x86.Build.0 = Debug|Win32
		{937997B6-7E1D-4CA7-ABA5-5A1C7EECDE7A}.Release|x64.ActiveCfg = Release|x64
		{937997B6-7E1D-4CA7-ABA5-5A1C7EECDE7A}.Release|x64.Build.0 = Release|x64
		{937997B6-7E1D-4CA7-ABA5-5A1C7EECDE7A}.Release|x86.ActiveCfg = Release|Win32
		{937997B6-7E1D-4CA7-ABA5-5A1C7EECDE7A}.Release|x86.Build.0 = Release|Win32
		{F402D3E0-D888-4417-B8AD-70632728486C}.Debug|x64.ActiveCfg = Debug|x64
		{F402D3E0-D888-4417-B8AD-70632728486C}.Debug|x64.Build.0 = Debug|x64
		{F402D3E0-D888-4417-B8AD-70632728486C}.Debug|x86.ActiveCfg = Debug|Win32
		{F402D3E0-D888-4417-B8AD-70632728486C}.Debug|x86.Build.0 = Debug|Win32
		{F402D3E0-D888-4417-B8AD-70632728486C}.Release|x64.ActiveCfg = Release|x64
		{F402D3E0-D888-4417-B8AD-70632728486C}.Release|x64.Build.0 = Release|x64
		{F402D3E0-D888-4417-B8AD-70632728486C}.Release|x86.ActiveCfg = Release|Win32
		{F402D3E0-D888-4417-B8AD-70632728486C}.Release|x86.Build.0 = Release|Win32
		{A81222D0-AF7A-4B59-9103-9FF254D16DA2}.Debug|x64.ActiveCfg = Debug|x64
		{A81222D0-AF7A-4B59-9103-9FF254D16DA2}.Debug|x64.Build.0 = Debug|x64
		{A81222D0-AF7A-4B59-9103-9FF254D16DA2}.Debug|x86.ActiveCfg = Debug|Win32
		{A81222D0-AF7A-4B59-9103-9FF254D16DA2}.Debug|x86.Build.0 = Debug|Win32
		{A81222D0-AF7A-4B59-9103-9FF254D16DA2}.Release|x64.ActiveCfg = Release|x64
		{A81222D0-AF7A-4B59-9103-9FF254D16DA2}.Release|x64.Build.0 = Release|x64
		{A81222D0-AF7A-4B59-9103-9FF254D16DA2}.Release|x86.ActiveCfg = Release|Win32
		{A81222D0-AF7A-4B59-9103-9FF254D16DA2}.Release|x86.Build.0 = Release|Win32
		{0B863978-4DED-4F7C-86EE-51FFA5B3C18B}.Debug|x64.ActiveCfg = Debug|x64
		{0B863978-4DED-4F7C-86EE-51FFA5B3C18B}.Debug|x64.Build.0 = Debug|x64
		{0B863978-4DED-4F7C-86EE-51FFA5B3C18B}.Debug|x86.ActiveCfg = Debug|Win32
		{0B863978-4DED-4F7C-86EE-51FFA5B3C18B}.Debug|x86.Build.0 = Debug|Win32
		{0B863978-4DED-4F7C-86EE-51FFA5B3C18B}.Release|x64.ActiveCfg = Release|x64
		{0B863978-4DED-4F7C-86EE-51FFA5B3C18B}.Release|x64.Build.0 = Release|x64
		{0B863978-4DED-4F7C-86EE-51FFA5B3C18B}.Release|x86.ActiveCfg = Release|Win32
		{0B863978-4DED-4F7C-86EE-51FFA5B3C18B}.Release|x86.Build.0 = Release|Win32
		{60AB912F-D0E1-4B4D-BCD6-E86CE9BE0B4E}.Debug|x64.ActiveCfg = Debug|x64
		{60AB912F-D0E1-4B4D-BCD6-E86CE9BE0B4E}.Debug|x64.Build.0 = Debug|x64
		{60AB912F-D0E1-4B4D-BCD6-E86CE9BE0B4E}.Debug|x86.ActiveCfg = Debug|Win32
		{60AB912F-D0E1-4B4D-BCD6-E86CE9BE0B4E}.Debug|x86.Build.0 = Debug|Win32
		{60AB912F-D0E1-4B4D-BCD6-E86CE9BE0B4E}.Release|x64.ActiveCfg = Release|x64
		{60AB912F-D0E1-4B4D-BCD6-E86CE9BE0B4E}.Release|x64.Build.0 = Release|x64
		{60AB912F-D0E1-4B4D-BCD6-E86CE9BE0B4E}.Release|x86.ActiveCfg = Release|Win32
		{60AB912F-D0E1-4B4D-BCD6-E86CE9BE0B4E}.Release|x86.Build.0 = Release|Win32
		{A4299ABE-15FD-49B9-9CE9-0A589A207132}.Debug|x64.ActiveCfg = Debug|x64
		{A4299ABE-15FD-49B9-9CE9-0A589A207132}.Debug|x64.Build.0 = Debug|x64
		{A4299ABE-15FD-49B9-9CE9-0A589A207132}.Debug|x86.ActiveCfg = Debug|Win32
		{A4299ABE-15FD-49B9-9CE9-0A589A207132}.Debug|x86.Build.0 = Debug|Win32
		{A4299ABE-15FD-49B9-9CE9-0A589A207132}.Release|x64.ActiveCfg = Release|x64
		{A4299ABE-15FD-49B9-9CE9-0A589A207132}.Release|x64.Build.0 = Release|x64
		{A4299ABE-15FD-49B9-9CE9-0A589A207132}.Release|x86.ActiveCfg = Release|Win32
		{A4299ABE-15FD-49B9-9CE9-0A589A207132}.Release|x86.Build.0 = Release|Win32
		{A62DBAEF-8A47-4913-8CE5-CA31FB490875}.Debug|x64.ActiveCfg = Debug|x64
		{A62DBAEF-8A47-4913-8CE5-CA31FB490875}.Debug|x64.Build.0 = Debug|x64
		{A62DBAEF-8A47-4913-8CE5-CA31FB490875}.Debug|x86.ActiveCfg = Debug|Win32
		{A62DBAEF-8A47-4913-8CE5-CA31FB490875}.Debug|x86.Build.0 = Debug|Win32
		{A62DBAEF-8A47-4913-8CE5-CA31FB490875}.Release|x64.ActiveCfg = Release|x64
		{A62DBAEF-8A47-4913-8CE5-CA31FB490875}.Release|x64.Build.0 = Release|x64
		{A62DBAEF-8A47-4913-8CE5-CA31FB490875}.Release|x86.ActiveCfg = Release|Win32
		{A62DBAEF-8A47-4913-8CE5-CA31FB490875}.Release|x86.Build.0 = Release|Win32
		{2D533AE8-2254-40EC-A2FF-F1065F0C4EE3}.Debug|x64.ActiveCfg = Debug|x64
		{2D533AE8-2254-40EC-A2FF-F1065F0C4EE3}.Debug|x64.Build.0 = Debug|x64
		{2D533AE8-2254-40EC-A2FF-F1065F0C4EE3}.Debug|x86.ActiveCfg = Debug|Win32
		{2D533AE8-2254-40EC-A2FF-F1065F0C4EE3}.Debug|x86.Build.0 = Debug|Win32
		{2D533AE8-2254-40EC-A2FF-F1065F0C4EE3}.Release|x64.ActiveCfg = Release|x64
		{2D533AE8-2254-40EC-A2FF-F1065F0C4EE3}.Release|x64.Build.0 = Release|x64
		{2D533AE8-2254-40EC-A2FF-F1065F0C4EE3}.Release|x86.ActiveCfg = Release|Win32
		{2D533AE8-2254-40EC-A2FF-F1065F0C4EE3}.Release|x86.Build.0 = Release|Win32
		{E1C4E6AB-E5CC-4AD7-B1E4-F9A9B5238BDF}.Debug|x64.ActiveCfg = Debug|x64
		{E1C4E6AB-E5CC-4AD7-B1E4-F9A9B5238BDF}.Debug|x64.Build.0 = Debug|x64
		{E1C4E6AB-E5CC-4AD7-B1E4-F9A9B5238BDF}.Debug|x86.ActiveCfg = Debug|Win32
		{E1C4E6AB-E5CC-4AD7-B1E4-F9A9B5238BDF}.Debug|x86.Build.0 = Debug|Win32
		{E1C4E6AB-E5CC-4AD7-B1E4-F9A9B5238BDF}.Release|x64.ActiveCfg = Release|x64
		{E1C4E6AB-E5CC-4AD7-B1E4-F9A9B5238BDF}.Release|x64.Build.0 = Release|x64
		{E1C4E6AB-E5CC-4AD7-B1E4-F9A9B5238BDF}.Release|x86.ActiveCfg = Release|Win32
		{E1C4E6AB-E5CC-4AD7-B1E4-F9A9B5238BDF}.Release|x86.Build.0 = Release|Win32
		{75262209-FDDC-4BC8-AE4E-9255E4ED1F3D}.Debug|x64.ActiveCfg = Debug|x64
		{75262209-FDDC-4BC8-AE4E-9255E4ED1F3D}.Debug|x64.Build.0 = Debug|x64
		{75262209-FDDC-4BC8-AE4E-9255E4ED1F3D}.Debug|x86.ActiveCfg = Debug|Win32
		{75262209-FDDC-4BC8-AE4E-9255E4ED1F3D}.Debug|x86.Build.0 = Debug|Win32
		{75262209-FDDC-4BC8-AE4E-9255E4ED1F3D}.Release|x64.ActiveCfg = Release|x64
		{75262209-FDDC-4BC8-AE4E-9255E4ED1F3D}.Release|x64.Build.0 = Release|x64
		{75262209-FDDC-4BC8-AE4E-9255E4ED1F3D}.Release|x86.ActiveCfg = Release|Win32
		{75262209-FDDC-4BC8-AE4E-9255E4ED1F3D}.Release|x86.Build.0 = Release|Win32
		{F30AFB7C-2889-4633-8E56-EE21C5F9BF04}.Debug|x64.ActiveCfg = Debug|x64
		{F30AFB7C-2889-4633-8E56-EE21C5F9BF04}.Debug|x64.Build.0 = Debug|x64
		{F30AFB7C-2889-4633-8E56-EE21C5F9BF04}.Debug|x86.ActiveCfg = Debug|Win32
		{F30AFB7C-2889-4633-8E56-EE21C5F9BF04}.Debug|x86.Build.0 = Debug|Win32
		{F30AFB7C-2889-4633-8E56-EE21C5F9BF04}.Release|x64.ActiveCfg = Release|x64
		{F30AFB7C-2889-4633-8E56-EE21C5F9BF04}.Release|x64.Build.0 = Release|x64
		{F30AFB7C-2889-4633-8E56-EE21C5F9BF04}.Release|x86.ActiveCfg = Release|Win32
		{F30AFB7C-2889-4633-8E56-EE21C5F9BF04}.Release|x86.Build.0 = Release|Win32
		{C88FB72C-CC1A-47B2-9138-D405B6EEF9AF}.Debug|x64.ActiveCfg = Debug|x64
		{C88FB72C-CC1A-47B2-9138-D405B6EEF9AF}.Debug|x64.Build.0 = Debug|x64
		{C88FB72C-CC1A-47B2-9138-D405B6EEF9AF}.Debug|x86.ActiveCfg = Debug|Win32
		{C88FB72C-CC1A-47B2-9138-D405B6EEF9AF}.Debug|x86.Build.0 = Debug|Win32
		{C88FB72C-CC1A-47B2-9138-D405B6EEF9AF}.Release|x64.ActiveCfg = Release|x64
		{C88FB72C-CC1A-47B2-9138-D405B6EEF9AF}.Release|x64.Build.0 = Release|x64
		{C88FB72C-CC1A-47B2-9138-D405B6EEF9AF}.Release|x86.ActiveCfg = Release|Win32
		{C88FB72C-CC1A-47B2-9138-D405B6EEF9AF}.Release|x86.Build.0 = Release|Win32
		{F0A51F96-A8C2-4058-A949-7CD41F518A38}.Debug|x64.ActiveCfg = Debug|x64
		{F0A51F96-A8C2-4058-A949-7CD41F518A38}.Debug|x64.Build.0 = Debug|x64
		{F0A51F96-A8C2-4058-A949-7CD41F518A38}.Debug|x86.ActiveCfg = Debug|Win32
		{F0A51F96-A8C2-4058-A949-7CD41F518A38}.Debug|x86.Build.0 = Debug|Win32
		{F0A51F96-A8C2-4058-A949-7CD41F518A38}.Release|x64.ActiveCfg = Release|x64
		{F0A51F96-A8C2-4058-A949-7CD41F518A38}.Release|x64.Build.0 = Release|x64
		{F0A51F96-A8C2-4058-A949-7CD41F518A38}.Release|x86.ActiveCfg = Release|Win32
		{F0A51F96-A8C2-4058-A949-7CD41F518A38}.Release|x86.Build.0 = Release|Win32
		{7F7CF1B4-9E79-4459-9F0A-CC582BFB5B96}.Debug|x64.ActiveCfg = Debug|x64
		{7F7CF1B4-9E79-4459-9F0A-CC582BFB5B96}.Debug|x64.Build.0 = Debug|x64
		{7F7CF1B4-9E79-4459-9F0A-CC582BFB5B96}.Debug|x86.ActiveCfg = Debug|Win32
		{7F7CF1B4-9E79-4459-9F0A-CC582BFB5B96}.Debug|x86.Build.0 = Debug|Win32
		{7F7CF1B4-9E79-4459-9F0A-CC582BFB5B96}.Release|x64.ActiveCfg = Release|x64
		{7F7CF1B4-9E79-4459-9F0A-CC582BFB5B96}.Release|x64.Build.0 = Release|x64
		{7F7CF1B4-9E79-4459-9F0A-CC582BFB5B96}.Release|x86.ActiveCfg = Release|Win32
		{7F7CF1B4-9E79-4459-9F0A-CC582BFB5B96}.Release|x86.Build.0 = Release|Win32
		{FE238293-0E59-4BD8-81D6-330232C33BD7}.Debug|x64.ActiveCfg = Debug|x64
		{FE238293-0E59-4BD8-81D6-330232C33BD7}.Debug|x64.Build.0 = Debug|x64
		{FE238293-0E59-4BD8-81D6-330232C33BD7}.Debug|x86.ActiveCfg = Debug|Win32
		{FE238293-0E59-4BD8-81D6-330232C33BD7}.Debug|x86.Build.0 = Debug|Win32
		{FE238293-0E59-4BD8-81D6-330232C33BD7}.Release|x64.ActiveCfg = Release|x64
		{FE238293-0E59-4BD8-81D6-330232C33BD7}.Release|x64.Build.0 = Release|x64
		{FE238293-0E59-4BD8-81D6-330232C33BD7}.Release|x86.ActiveCfg = Release|Win32
		{FE238293-0E59-4BD8-81D6-330232C33BD7}.Release|x86.Build.0 = Release|Win32
		{634A97AF-6B12-4A32-9D6C-0A28E2C4386D}.Debug|x64.ActiveCfg = Debug|x64
		{634A97AF-6B12-4A32-9D6C-0A28E2C4386D}.Debug|x64.Build.0 = Debug|x64
		{634A97AF-6B12-4A32-9D6C-0A28E2C4386D}.Debug|x86.ActiveCfg = Debug|Win32
		{634A97AF-6B12-4A32-9D6C-0A28E2C4386D}.Debug|x86.Build.0 = Debug|Win32
		{634A97AF-6B12-4A32-9D6C-0A28E2C4386D}.Release|x64.ActiveCfg = Release|x64
		{634A97AF-6B12-4A32-9D6C-0A28E2C4386D}.Release|x64.Build.0 = Release|x64
		{634A97AF-6B12-4A32-9D6C-0A28E2C4386D}.Release|x86.ActiveCfg = Release|Win32
		{634A97AF-6B12-4A32-9D6C-0A28E2C4386D}.Release|x86.Build.0 = Release|Win32
		{4DB67ADB-E938-45BC-89FA-2704FFCF5851}.Debug|x64.ActiveCfg = Debug|x64
		{4DB67ADB-E938-45BC-89FA-2704FFCF5851}.Debug|x64.Build.0 = Debug|x64
		{4DB67ADB-E938-45BC-89FA-2704FFCF5851}.Debug|x86.ActiveCfg = Debug|Win32
		{4DB67ADB-E938-45BC-89FA-2704FFCF5851}.Debug|x86.Build.0 = Debug|Win32
		{4DB67ADB-E938-45BC-89FA-2704FFCF5851}.Release|x64.ActiveCfg = Release|x64
		{4DB67ADB-E938-45BC-89FA-2704FFCF5851}.Release|x64.Build.0 = Release|x64
		{4DB67ADB-E938-45BC-89FA-2704FFCF5851}.Release|x86.ActiveCfg = Release|Win32
		{4DB67ADB-E938-45BC-89FA-2704FFCF5851}.Release|x86.Build.0 = Release|Win32
		{C710A6AD-51E3-45E1-81BD-E31A8B4BC6A6}.Debug|x64.ActiveCfg = Debug|x64
		{C710A6AD-51E3-45E1-81BD-E31A8B4BC6A6}.Debug|x64.Build.0 = Debug|x64
		{C710A6AD-51E3-45E1-81BD-E31A8B4BC6A6}.Debug|x86.ActiveCfg = Debug|Win32
		{C710A6AD-51E3-45E1-81BD-E31A8B4BC6A6}.Debug|x86.Build.0 = Debug|Win32
		{C710A6AD-51E3-45E1-81BD-E31A8B4BC6A6}.Release|x64.ActiveCfg = Release|x64
		{C710A6AD-51E3-45E1-81BD-E31A8B4BC6A6}.Release|x64.Build.0 = Release|x64
		{C710A6AD-51E3-45E1-81BD-E31A8B4BC6A6}.Release|x86.ActiveCfg = Release|Win32
		{C710A6AD-51E3-45E1-81BD-E31A8B4BC6A6}.Release|x86.Build.0 = Release|Win32
	EndGlobalSection
	GlobalSection(SolutionProperties) = preSolution
		HideSolutionNode = FALSE
	EndGlobalSection
	GlobalSection(ExtensibilityGlobals) = postSolution
		SolutionGuid = {F712EAF2-6B1B-42A3-B4CF-7A94DD14D40C}
	EndGlobalSection
EndGlobal
