
Microsoft Visual Studio Solution File, Format Version 12.00
# Visual Studio 15
VisualStudioVersion = 15.0.28307.329
MinimumVisualStudioVersion = 10.0.40219.1
Project("{8BC9CEB8-8B4A-11D0-8D11-00A0C91BC942}") = "ass4_q8", "ass4_q8\ass4_q8.vcxproj", "{202611C8-DD6D-4B05-BE21-7A52C384079A}"
EndProject
Global
	GlobalSection(SolutionConfigurationPlatforms) = preSolution
		Debug|x64 = Debug|x64
		Debug|x86 = Debug|x86
		Release|x64 = Release|x64
		Release|x86 = Release|x86
	EndGlobalSection
	GlobalSection(ProjectConfigurationPlatforms) = postSolution
		{202611C8-DD6D-4B05-BE21-7A52C384079A}.Debug|x64.ActiveCfg = Debug|x64
		{202611C8-DD6D-4B05-BE21-7A52C384079A}.Debug|x64.Build.0 = Debug|x64
		{202611C8-DD6D-4B05-BE21-7A52C384079A}.Debug|x86.ActiveCfg = Debug|Win32
		{202611C8-DD6D-4B05-BE21-7A52C384079A}.Debug|x86.Build.0 = Debug|Win32
		{202611C8-DD6D-4B05-BE21-7A52C384079A}.Release|x64.ActiveCfg = Release|x64
		{202611C8-DD6D-4B05-BE21-7A52C384079A}.Release|x64.Build.0 = Release|x64
		{202611C8-DD6D-4B05-BE21-7A52C384079A}.Release|x86.ActiveCfg = Release|Win32
		{202611C8-DD6D-4B05-BE21-7A52C384079A}.Release|x86.Build.0 = Release|Win32
	EndGlobalSection
	GlobalSection(SolutionProperties) = preSolution
		HideSolutionNode = FALSE
	EndGlobalSection
	GlobalSection(ExtensibilityGlobals) = postSolution
		SolutionGuid = {1CF2624F-4521-4800-BDC1-AAE37F56C9EB}
	EndGlobalSection
EndGlobal
