
Microsoft Visual Studio Solution File, Format Version 12.00
# Visual Studio 15
VisualStudioVersion = 15.0.28307.329
MinimumVisualStudioVersion = 10.0.40219.1
Project("{8BC9CEB8-8B4A-11D0-8D11-00A0C91BC942}") = "queue", "queue\queue.vcxproj", "{F036ADCF-2D0A-4281-9A4F-44F120D3D267}"
EndProject
Global
	GlobalSection(SolutionConfigurationPlatforms) = preSolution
		Debug|x64 = Debug|x64
		Debug|x86 = Debug|x86
		Release|x64 = Release|x64
		Release|x86 = Release|x86
	EndGlobalSection
	GlobalSection(ProjectConfigurationPlatforms) = postSolution
		{F036ADCF-2D0A-4281-9A4F-44F120D3D267}.Debug|x64.ActiveCfg = Debug|x64
		{F036ADCF-2D0A-4281-9A4F-44F120D3D267}.Debug|x64.Build.0 = Debug|x64
		{F036ADCF-2D0A-4281-9A4F-44F120D3D267}.Debug|x86.ActiveCfg = Debug|Win32
		{F036ADCF-2D0A-4281-9A4F-44F120D3D267}.Debug|x86.Build.0 = Debug|Win32
		{F036ADCF-2D0A-4281-9A4F-44F120D3D267}.Release|x64.ActiveCfg = Release|x64
		{F036ADCF-2D0A-4281-9A4F-44F120D3D267}.Release|x64.Build.0 = Release|x64
		{F036ADCF-2D0A-4281-9A4F-44F120D3D267}.Release|x86.ActiveCfg = Release|Win32
		{F036ADCF-2D0A-4281-9A4F-44F120D3D267}.Release|x86.Build.0 = Release|Win32
	EndGlobalSection
	GlobalSection(SolutionProperties) = preSolution
		HideSolutionNode = FALSE
	EndGlobalSection
	GlobalSection(ExtensibilityGlobals) = postSolution
		SolutionGuid = {4D677D42-1D3F-4A32-A0CA-C59F4C3ACB0F}
	EndGlobalSection
EndGlobal
