
Microsoft Visual Studio Solution File, Format Version 12.00
# Visual Studio 15
VisualStudioVersion = 15.0.28307.329
MinimumVisualStudioVersion = 10.0.40219.1
Project("{8BC9CEB8-8B4A-11D0-8D11-00A0C91BC942}") = "circular_queue", "circular_queue\circular_queue.vcxproj", "{658FCADE-55B5-4BED-A345-D76469C20423}"
EndProject
Global
	GlobalSection(SolutionConfigurationPlatforms) = preSolution
		Debug|x64 = Debug|x64
		Debug|x86 = Debug|x86
		Release|x64 = Release|x64
		Release|x86 = Release|x86
	EndGlobalSection
	GlobalSection(ProjectConfigurationPlatforms) = postSolution
		{658FCADE-55B5-4BED-A345-D76469C20423}.Debug|x64.ActiveCfg = Debug|x64
		{658FCADE-55B5-4BED-A345-D76469C20423}.Debug|x64.Build.0 = Debug|x64
		{658FCADE-55B5-4BED-A345-D76469C20423}.Debug|x86.ActiveCfg = Debug|Win32
		{658FCADE-55B5-4BED-A345-D76469C20423}.Debug|x86.Build.0 = Debug|Win32
		{658FCADE-55B5-4BED-A345-D76469C20423}.Release|x64.ActiveCfg = Release|x64
		{658FCADE-55B5-4BED-A345-D76469C20423}.Release|x64.Build.0 = Release|x64
		{658FCADE-55B5-4BED-A345-D76469C20423}.Release|x86.ActiveCfg = Release|Win32
		{658FCADE-55B5-4BED-A345-D76469C20423}.Release|x86.Build.0 = Release|Win32
	EndGlobalSection
	GlobalSection(SolutionProperties) = preSolution
		HideSolutionNode = FALSE
	EndGlobalSection
	GlobalSection(ExtensibilityGlobals) = postSolution
		SolutionGuid = {DC93F29A-03CF-4043-BB2F-03CF7FA7AE1D}
	EndGlobalSection
EndGlobal
